
Microsoft Visual Studio Solution File, Format Version 12.00
# Visual Studio Version 17
VisualStudioVersion = 17.5.002.0
MinimumVisualStudioVersion = 10.0.40219.1
Project("{9A19103F-16F7-4668-BE54-9A1E7A4F7556}") = "ED_Prova1", "ED_Prova1\ED_Prova1.csproj", "{C66DBB4B-44B6-4318-9E51-92AB6ED5F52F}"
EndProject
Project("{9A19103F-16F7-4668-BE54-9A1E7A4F7556}") = "q", "q\q.csproj", "{BA80AFE9-3AF0-40C1-B945-6F865FB8C41E}"
EndProject
Project("{9A19103F-16F7-4668-BE54-9A1E7A4F7556}") = "Q1", "Q1\Q1.csproj", "{F648647D-62D3-4EDE-B4E7-9F197206882E}"
EndProject
Global
	GlobalSection(SolutionConfigurationPlatforms) = preSolution
		Debug|Any CPU = Debug|Any CPU
		Release|Any CPU = Release|Any CPU
	EndGlobalSection
	GlobalSection(ProjectConfigurationPlatforms) = postSolution
		{C66DBB4B-44B6-4318-9E51-92AB6ED5F52F}.Debug|Any CPU.ActiveCfg = Debug|Any CPU
		{C66DBB4B-44B6-4318-9E51-92AB6ED5F52F}.Debug|Any CPU.Build.0 = Debug|Any CPU
		{C66DBB4B-44B6-4318-9E51-92AB6ED5F52F}.Release|Any CPU.ActiveCfg = Release|Any CPU
		{C66DBB4B-44B6-4318-9E51-92AB6ED5F52F}.Release|Any CPU.Build.0 = Release|Any CPU
		{BA80AFE9-3AF0-40C1-B945-6F865FB8C41E}.Debug|Any CPU.ActiveCfg = Debug|Any CPU
		{BA80AFE9-3AF0-40C1-B945-6F865FB8C41E}.Debug|Any CPU.Build.0 = Debug|Any CPU
		{BA80AFE9-3AF0-40C1-B945-6F865FB8C41E}.Release|Any CPU.ActiveCfg = Release|Any CPU
		{BA80AFE9-3AF0-40C1-B945-6F865FB8C41E}.Release|Any CPU.Build.0 = Release|Any CPU
		{F648647D-62D3-4EDE-B4E7-9F197206882E}.Debug|Any CPU.ActiveCfg = Debug|Any CPU
		{F648647D-62D3-4EDE-B4E7-9F197206882E}.Debug|Any CPU.Build.0 = Debug|Any CPU
		{F648647D-62D3-4EDE-B4E7-9F197206882E}.Release|Any CPU.ActiveCfg = Release|Any CPU
		{F648647D-62D3-4EDE-B4E7-9F197206882E}.Release|Any CPU.Build.0 = Release|Any CPU
	EndGlobalSection
	GlobalSection(SolutionProperties) = preSolution
		HideSolutionNode = FALSE
	EndGlobalSection
	GlobalSection(ExtensibilityGlobals) = postSolution
		SolutionGuid = {6AEC740C-EAA9-47DB-B5CC-2D1F8AEC9648}
	EndGlobalSection
EndGlobal
