
Microsoft Visual Studio Solution File, Format Version 12.00
# Visual Studio Version 17
VisualStudioVersion = 17.5.002.0
MinimumVisualStudioVersion = 10.0.40219.1
Project("{9A19103F-16F7-4668-BE54-9A1E7A4F7556}") = "AGREGCOMP", "AGREGCOMP.csproj", "{CCFC1CA8-5DC0-449C-AED5-F195BA88E692}"
EndProject
Global
	GlobalSection(SolutionConfigurationPlatforms) = preSolution
		Debug|Any CPU = Debug|Any CPU
		Release|Any CPU = Release|Any CPU
	EndGlobalSection
	GlobalSection(ProjectConfigurationPlatforms) = postSolution
		{CCFC1CA8-5DC0-449C-AED5-F195BA88E692}.Debug|Any CPU.ActiveCfg = Debug|Any CPU
		{CCFC1CA8-5DC0-449C-AED5-F195BA88E692}.Debug|Any CPU.Build.0 = Debug|Any CPU
		{CCFC1CA8-5DC0-449C-AED5-F195BA88E692}.Release|Any CPU.ActiveCfg = Release|Any CPU
		{CCFC1CA8-5DC0-449C-AED5-F195BA88E692}.Release|Any CPU.Build.0 = Release|Any CPU
	EndGlobalSection
	GlobalSection(SolutionProperties) = preSolution
		HideSolutionNode = FALSE
	EndGlobalSection
	GlobalSection(ExtensibilityGlobals) = postSolution
		SolutionGuid = {DBBDE297-7729-4393-9827-1E8A7A7D0C2B}
	EndGlobalSection
EndGlobal
